
Microsoft Visual Studio Solution File, Format Version 12.00
# Visual Studio Version 16
VisualStudioVersion = 16.0.31112.23
MinimumVisualStudioVersion = 10.0.40219.1
Project("{FAE04EC0-301F-11D3-BF4B-00C04F79EFBC}") = "Ink Pad", "Ink Pad\Ink Pad.csproj", "{C600E1A3-AAF4-43D4-A1A7-3688E8110402}"
EndProject
Global
	GlobalSection(SolutionConfigurationPlatforms) = preSolution
		Debug|Any CPU = Debug|Any CPU
		Release|Any CPU = Release|Any CPU
	EndGlobalSection
	GlobalSection(ProjectConfigurationPlatforms) = postSolution
		{C600E1A3-AAF4-43D4-A1A7-3688E8110402}.Debug|Any CPU.ActiveCfg = Debug|Any CPU
		{C600E1A3-AAF4-43D4-A1A7-3688E8110402}.Debug|Any CPU.Build.0 = Debug|Any CPU
		{C600E1A3-AAF4-43D4-A1A7-3688E8110402}.Release|Any CPU.ActiveCfg = Release|Any CPU
		{C600E1A3-AAF4-43D4-A1A7-3688E8110402}.Release|Any CPU.Build.0 = Release|Any CPU
	EndGlobalSection
	GlobalSection(SolutionProperties) = preSolution
		HideSolutionNode = FALSE
	EndGlobalSection
	GlobalSection(ExtensibilityGlobals) = postSolution
		SolutionGuid = {B5704E48-BE8E-4879-BCA9-4040358031B3}
	EndGlobalSection
EndGlobal
