
Microsoft Visual Studio Solution File, Format Version 12.00
# Visual Studio Version 16
VisualStudioVersion = 16.0.31112.23
MinimumVisualStudioVersion = 10.0.40219.1
Project("{FAE04EC0-301F-11D3-BF4B-00C04F79EFBC}") = "WpfApplicationPolygon", "WpfApplicationPolygon\WpfApplicationPolygon.csproj", "{E2EDE1B0-16B2-49C3-857E-08A3DFDD5AC7}"
EndProject
Global
	GlobalSection(SolutionConfigurationPlatforms) = preSolution
		Debug|Any CPU = Debug|Any CPU
		Release|Any CPU = Release|Any CPU
	EndGlobalSection
	GlobalSection(ProjectConfigurationPlatforms) = postSolution
		{E2EDE1B0-16B2-49C3-857E-08A3DFDD5AC7}.Debug|Any CPU.ActiveCfg = Debug|Any CPU
		{E2EDE1B0-16B2-49C3-857E-08A3DFDD5AC7}.Debug|Any CPU.Build.0 = Debug|Any CPU
		{E2EDE1B0-16B2-49C3-857E-08A3DFDD5AC7}.Release|Any CPU.ActiveCfg = Release|Any CPU
		{E2EDE1B0-16B2-49C3-857E-08A3DFDD5AC7}.Release|Any CPU.Build.0 = Release|Any CPU
	EndGlobalSection
	GlobalSection(SolutionProperties) = preSolution
		HideSolutionNode = FALSE
	EndGlobalSection
	GlobalSection(ExtensibilityGlobals) = postSolution
		SolutionGuid = {074B2F5B-91A5-4C47-9260-A30E8414B741}
	EndGlobalSection
EndGlobal
