
Microsoft Visual Studio Solution File, Format Version 12.00
# Visual Studio Version 16
VisualStudioVersion = 16.0.31112.23
MinimumVisualStudioVersion = 10.0.40219.1
Project("{FAE04EC0-301F-11D3-BF4B-00C04F79EFBC}") = "WpfUserControl", "WpfUserControl\WpfUserControl.csproj", "{91A89C68-22F8-48BE-A385-1602680C6BAF}"
EndProject
Global
	GlobalSection(SolutionConfigurationPlatforms) = preSolution
		Debug|Any CPU = Debug|Any CPU
		Release|Any CPU = Release|Any CPU
	EndGlobalSection
	GlobalSection(ProjectConfigurationPlatforms) = postSolution
		{91A89C68-22F8-48BE-A385-1602680C6BAF}.Debug|Any CPU.ActiveCfg = Debug|Any CPU
		{91A89C68-22F8-48BE-A385-1602680C6BAF}.Debug|Any CPU.Build.0 = Debug|Any CPU
		{91A89C68-22F8-48BE-A385-1602680C6BAF}.Release|Any CPU.ActiveCfg = Release|Any CPU
		{91A89C68-22F8-48BE-A385-1602680C6BAF}.Release|Any CPU.Build.0 = Release|Any CPU
	EndGlobalSection
	GlobalSection(SolutionProperties) = preSolution
		HideSolutionNode = FALSE
	EndGlobalSection
	GlobalSection(ExtensibilityGlobals) = postSolution
		SolutionGuid = {12ABDC86-AD51-4733-A5E1-7A8A43D4B908}
	EndGlobalSection
EndGlobal
